// !$*UTF8*$!
{
	archiveVersion = 1;
	classes = {
	};
	objectVersion = 55;
	objects = {

/* Begin PBXBuildFile section */
		072F84132874A98300658027 /* FinanceTableViewCell.swift in Sources */ = {isa = PBXBuildFile; fileRef = 072F84122874A98300658027 /* FinanceTableViewCell.swift */; };
		072F84162878BE9500658027 /* Tasks.swift in Sources */ = {isa = PBXBuildFile; fileRef = 072F84152878BE9500658027 /* Tasks.swift */; };
		072F84182878BEDF00658027 /* transaction.swift in Sources */ = {isa = PBXBuildFile; fileRef = 072F84172878BEDF00658027 /* transaction.swift */; };
		072F841C2878D42400658027 /* CalendarHalper.swift in Sources */ = {isa = PBXBuildFile; fileRef = 072F841B2878D42400658027 /* CalendarHalper.swift */; };
		072F841E2878D46E00658027 /* EventCell.swift in Sources */ = {isa = PBXBuildFile; fileRef = 072F841D2878D46E00658027 /* EventCell.swift */; };
		072F84202878D4B100658027 /* CalendarCell.swift in Sources */ = {isa = PBXBuildFile; fileRef = 072F841F2878D4B100658027 /* CalendarCell.swift */; };
		072F84222878D4C300658027 /* Event.swift in Sources */ = {isa = PBXBuildFile; fileRef = 072F84212878D4C300658027 /* Event.swift */; };
		072F84242878D51000658027 /* WeeklyViewController.swift in Sources */ = {isa = PBXBuildFile; fileRef = 072F84232878D51000658027 /* WeeklyViewController.swift */; };
		072F84262878D52F00658027 /* EventEditViewController.swift in Sources */ = {isa = PBXBuildFile; fileRef = 072F84252878D52F00658027 /* EventEditViewController.swift */; };
		07790A1E2864F72000AC66DF /* HomeViewController.swift in Sources */ = {isa = PBXBuildFile; fileRef = 07790A1D2864F72000AC66DF /* HomeViewController.swift */; };
		078951EF2864DB830007B20A /* AppDelegate.swift in Sources */ = {isa = PBXBuildFile; fileRef = 078951EE2864DB830007B20A /* AppDelegate.swift */; };
		078951F12864DB830007B20A /* SceneDelegate.swift in Sources */ = {isa = PBXBuildFile; fileRef = 078951F02864DB830007B20A /* SceneDelegate.swift */; };
		078951F32864DB830007B20A /* ViewController.swift in Sources */ = {isa = PBXBuildFile; fileRef = 078951F22864DB830007B20A /* ViewController.swift */; };
		078951F62864DB830007B20A /* Main.storyboard in Resources */ = {isa = PBXBuildFile; fileRef = 078951F42864DB830007B20A /* Main.storyboard */; };
		078951F82864DB840007B20A /* Assets.xcassets in Resources */ = {isa = PBXBuildFile; fileRef = 078951F72864DB840007B20A /* Assets.xcassets */; };
		078951FB2864DB840007B20A /* LaunchScreen.storyboard in Resources */ = {isa = PBXBuildFile; fileRef = 078951F92864DB840007B20A /* LaunchScreen.storyboard */; };
		078952052864E6690007B20A /* FacebookCore in Frameworks */ = {isa = PBXBuildFile; productRef = 078952042864E6690007B20A /* FacebookCore */; };
		078952072864E6690007B20A /* FacebookLogin in Frameworks */ = {isa = PBXBuildFile; productRef = 078952062864E6690007B20A /* FacebookLogin */; };
		079EE7BB28653BDA008F8ABB /* TabBarViewController.swift in Sources */ = {isa = PBXBuildFile; fileRef = 079EE7BA28653BDA008F8ABB /* TabBarViewController.swift */; };
		079EE7BD2865400F008F8ABB /* TabItem.swift in Sources */ = {isa = PBXBuildFile; fileRef = 079EE7BC2865400F008F8ABB /* TabItem.swift */; };
		079EE7BF28654065008F8ABB /* CalanderViewController.swift in Sources */ = {isa = PBXBuildFile; fileRef = 079EE7BE28654065008F8ABB /* CalanderViewController.swift */; };
		079EE7C128654071008F8ABB /* FinanceViewController.swift in Sources */ = {isa = PBXBuildFile; fileRef = 079EE7C028654071008F8ABB /* FinanceViewController.swift */; };
		079EE7C528654237008F8ABB /* TabNavigationMenu.swift in Sources */ = {isa = PBXBuildFile; fileRef = 079EE7C428654237008F8ABB /* TabNavigationMenu.swift */; };
		079EE7C7286635B5008F8ABB /* TaskCell.swift in Sources */ = {isa = PBXBuildFile; fileRef = 079EE7C6286635B5008F8ABB /* TaskCell.swift */; };
		079EE7C928663632008F8ABB /* AddTaskController.swift in Sources */ = {isa = PBXBuildFile; fileRef = 079EE7C828663632008F8ABB /* AddTaskController.swift */; };
		079EE7CB286CC08F008F8ABB /* CategoriesTableViewController.swift in Sources */ = {isa = PBXBuildFile; fileRef = 079EE7CA286CC08F008F8ABB /* CategoriesTableViewController.swift */; };
		079EE7CD286D04E8008F8ABB /* toDoCollectionViewCell.swift in Sources */ = {isa = PBXBuildFile; fileRef = 079EE7CC286D04E8008F8ABB /* toDoCollectionViewCell.swift */; };
		079EE7CF286D248A008F8ABB /* NewAmountViewController.swift in Sources */ = {isa = PBXBuildFile; fileRef = 079EE7CE286D248A008F8ABB /* NewAmountViewController.swift */; };
		079EE7D1286D276C008F8ABB /* AmountCategoriesTableViewController.swift in Sources */ = {isa = PBXBuildFile; fileRef = 079EE7D0286D276C008F8ABB /* AmountCategoriesTableViewController.swift */; };
/* End PBXBuildFile section */

/* Begin PBXFileReference section */
		072F84122874A98300658027 /* FinanceTableViewCell.swift */ = {isa = PBXFileReference; lastKnownFileType = sourcecode.swift; path = FinanceTableViewCell.swift; sourceTree = "<group>"; };
		072F84152878BE9500658027 /* Tasks.swift */ = {isa = PBXFileReference; lastKnownFileType = sourcecode.swift; path = Tasks.swift; sourceTree = "<group>"; };
		072F84172878BEDF00658027 /* transaction.swift */ = {isa = PBXFileReference; lastKnownFileType = sourcecode.swift; path = transaction.swift; sourceTree = "<group>"; };
		072F841B2878D42400658027 /* CalendarHalper.swift */ = {isa = PBXFileReference; lastKnownFileType = sourcecode.swift; path = CalendarHalper.swift; sourceTree = "<group>"; };
		072F841D2878D46E00658027 /* EventCell.swift */ = {isa = PBXFileReference; lastKnownFileType = sourcecode.swift; path = EventCell.swift; sourceTree = "<group>"; };
		072F841F2878D4B100658027 /* CalendarCell.swift */ = {isa = PBXFileReference; lastKnownFileType = sourcecode.swift; path = CalendarCell.swift; sourceTree = "<group>"; };
		072F84212878D4C300658027 /* Event.swift */ = {isa = PBXFileReference; lastKnownFileType = sourcecode.swift; path = Event.swift; sourceTree = "<group>"; };
		072F84232878D51000658027 /* WeeklyViewController.swift */ = {isa = PBXFileReference; lastKnownFileType = sourcecode.swift; path = WeeklyViewController.swift; sourceTree = "<group>"; };
		072F84252878D52F00658027 /* EventEditViewController.swift */ = {isa = PBXFileReference; lastKnownFileType = sourcecode.swift; path = EventEditViewController.swift; sourceTree = "<group>"; };
		07790A1D2864F72000AC66DF /* HomeViewController.swift */ = {isa = PBXFileReference; lastKnownFileType = sourcecode.swift; path = HomeViewController.swift; sourceTree = "<group>"; };
		078951EB2864DB830007B20A /* Organizer.app */ = {isa = PBXFileReference; explicitFileType = wrapper.application; includeInIndex = 0; path = Organizer.app; sourceTree = BUILT_PRODUCTS_DIR; };
		078951EE2864DB830007B20A /* AppDelegate.swift */ = {isa = PBXFileReference; lastKnownFileType = sourcecode.swift; path = AppDelegate.swift; sourceTree = "<group>"; };
		078951F02864DB830007B20A /* SceneDelegate.swift */ = {isa = PBXFileReference; lastKnownFileType = sourcecode.swift; path = SceneDelegate.swift; sourceTree = "<group>"; };
		078951F22864DB830007B20A /* ViewController.swift */ = {isa = PBXFileReference; lastKnownFileType = sourcecode.swift; path = ViewController.swift; sourceTree = "<group>"; };
		078951F52864DB830007B20A /* Base */ = {isa = PBXFileReference; lastKnownFileType = file.storyboard; name = Base; path = Base.lproj/Main.storyboard; sourceTree = "<group>"; };
		078951F72864DB840007B20A /* Assets.xcassets */ = {isa = PBXFileReference; lastKnownFileType = folder.assetcatalog; path = Assets.xcassets; sourceTree = "<group>"; };
		078951FA2864DB840007B20A /* Base */ = {isa = PBXFileReference; lastKnownFileType = file.storyboard; name = Base; path = Base.lproj/LaunchScreen.storyboard; sourceTree = "<group>"; };
		078951FC2864DB840007B20A /* Info.plist */ = {isa = PBXFileReference; lastKnownFileType = text.plist.xml; path = Info.plist; sourceTree = "<group>"; };
		078952022864E6320007B20A /* Organizer.entitlements */ = {isa = PBXFileReference; lastKnownFileType = text.plist.entitlements; path = Organizer.entitlements; sourceTree = "<group>"; };
		079EE7BA28653BDA008F8ABB /* TabBarViewController.swift */ = {isa = PBXFileReference; lastKnownFileType = sourcecode.swift; path = TabBarViewController.swift; sourceTree = "<group>"; };
		079EE7BC2865400F008F8ABB /* TabItem.swift */ = {isa = PBXFileReference; lastKnownFileType = sourcecode.swift; path = TabItem.swift; sourceTree = "<group>"; };
		079EE7BE28654065008F8ABB /* CalanderViewController.swift */ = {isa = PBXFileReference; lastKnownFileType = sourcecode.swift; path = CalanderViewController.swift; sourceTree = "<group>"; };
		079EE7C028654071008F8ABB /* FinanceViewController.swift */ = {isa = PBXFileReference; lastKnownFileType = sourcecode.swift; path = FinanceViewController.swift; sourceTree = "<group>"; };
		079EE7C428654237008F8ABB /* TabNavigationMenu.swift */ = {isa = PBXFileReference; lastKnownFileType = sourcecode.swift; path = TabNavigationMenu.swift; sourceTree = "<group>"; };
		079EE7C6286635B5008F8ABB /* TaskCell.swift */ = {isa = PBXFileReference; lastKnownFileType = sourcecode.swift; path = TaskCell.swift; sourceTree = "<group>"; };
		079EE7C828663632008F8ABB /* AddTaskController.swift */ = {isa = PBXFileReference; lastKnownFileType = sourcecode.swift; path = AddTaskController.swift; sourceTree = "<group>"; };
		079EE7CA286CC08F008F8ABB /* CategoriesTableViewController.swift */ = {isa = PBXFileReference; lastKnownFileType = sourcecode.swift; path = CategoriesTableViewController.swift; sourceTree = "<group>"; };
		079EE7CC286D04E8008F8ABB /* toDoCollectionViewCell.swift */ = {isa = PBXFileReference; lastKnownFileType = sourcecode.swift; path = toDoCollectionViewCell.swift; sourceTree = "<group>"; };
		079EE7CE286D248A008F8ABB /* NewAmountViewController.swift */ = {isa = PBXFileReference; lastKnownFileType = sourcecode.swift; path = NewAmountViewController.swift; sourceTree = "<group>"; };
		079EE7D0286D276C008F8ABB /* AmountCategoriesTableViewController.swift */ = {isa = PBXFileReference; lastKnownFileType = sourcecode.swift; path = AmountCategoriesTableViewController.swift; sourceTree = "<group>"; };
/* End PBXFileReference section */

/* Begin PBXFrameworksBuildPhase section */
		078951E82864DB830007B20A /* Frameworks */ = {
			isa = PBXFrameworksBuildPhase;
			buildActionMask = 2147483647;
			files = (
				078952052864E6690007B20A /* FacebookCore in Frameworks */,
				078952072864E6690007B20A /* FacebookLogin in Frameworks */,
			);
			runOnlyForDeploymentPostprocessing = 0;
		};
/* End PBXFrameworksBuildPhase section */

/* Begin PBXGroup section */
		072F84142878BE2200658027 /* View */ = {
			isa = PBXGroup;
			children = (
				072F84252878D52F00658027 /* EventEditViewController.swift */,
				072F84232878D51000658027 /* WeeklyViewController.swift */,
				078951F22864DB830007B20A /* ViewController.swift */,
				07790A1D2864F72000AC66DF /* HomeViewController.swift */,
				079EE7BA28653BDA008F8ABB /* TabBarViewController.swift */,
				079EE7BE28654065008F8ABB /* CalanderViewController.swift */,
				079EE7C028654071008F8ABB /* FinanceViewController.swift */,
				079EE7C828663632008F8ABB /* AddTaskController.swift */,
				079EE7CA286CC08F008F8ABB /* CategoriesTableViewController.swift */,
				079EE7CE286D248A008F8ABB /* NewAmountViewController.swift */,
				079EE7D0286D276C008F8ABB /* AmountCategoriesTableViewController.swift */,
			);
			path = View;
			sourceTree = "<group>";
		};
		072F84192878BF1600658027 /* Model */ = {
			isa = PBXGroup;
			children = (
				072F84152878BE9500658027 /* Tasks.swift */,
				072F84212878D4C300658027 /* Event.swift */,
				072F84172878BEDF00658027 /* transaction.swift */,
			);
			path = Model;
			sourceTree = "<group>";
		};
		072F841A2878BF3F00658027 /* Cell */ = {
			isa = PBXGroup;
			children = (
				079EE7C6286635B5008F8ABB /* TaskCell.swift */,
				079EE7CC286D04E8008F8ABB /* toDoCollectionViewCell.swift */,
				072F841D2878D46E00658027 /* EventCell.swift */,
				072F841F2878D4B100658027 /* CalendarCell.swift */,
				072F84122874A98300658027 /* FinanceTableViewCell.swift */,
			);
			path = Cell;
			sourceTree = "<group>";
		};
		078951E22864DB830007B20A = {
			isa = PBXGroup;
			children = (
				078951ED2864DB830007B20A /* Organizer */,
				078951EC2864DB830007B20A /* Products */,
				B483A9A4832315DF4BC95A88 /* Pods */,
			);
			sourceTree = "<group>";
		};
		078951EC2864DB830007B20A /* Products */ = {
			isa = PBXGroup;
			children = (
				078951EB2864DB830007B20A /* Organizer.app */,
			);
			name = Products;
			sourceTree = "<group>";
		};
		078951ED2864DB830007B20A /* Organizer */ = {
			isa = PBXGroup;
			children = (
				078952022864E6320007B20A /* Organizer.entitlements */,
				078951EE2864DB830007B20A /* AppDelegate.swift */,
				078951F02864DB830007B20A /* SceneDelegate.swift */,
				078951F42864DB830007B20A /* Main.storyboard */,
				078951F72864DB840007B20A /* Assets.xcassets */,
				078951F92864DB840007B20A /* LaunchScreen.storyboard */,
				078951FC2864DB840007B20A /* Info.plist */,
				072F84192878BF1600658027 /* Model */,
				072F841A2878BF3F00658027 /* Cell */,
				072F84142878BE2200658027 /* View */,
				079EE7BC2865400F008F8ABB /* TabItem.swift */,
				079EE7C428654237008F8ABB /* TabNavigationMenu.swift */,
				072F841B2878D42400658027 /* CalendarHalper.swift */,
			);
			path = Organizer;
			sourceTree = "<group>";
		};
		B483A9A4832315DF4BC95A88 /* Pods */ = {
			isa = PBXGroup;
			children = (
			);
			path = Pods;
			sourceTree = "<group>";
		};
/* End PBXGroup section */

/* Begin PBXNativeTarget section */
		078951EA2864DB830007B20A /* Organizer */ = {
			isa = PBXNativeTarget;
			buildConfigurationList = 078951FF2864DB840007B20A /* Build configuration list for PBXNativeTarget "Organizer" */;
			buildPhases = (
				078951E72864DB830007B20A /* Sources */,
				078951E82864DB830007B20A /* Frameworks */,
				078951E92864DB830007B20A /* Resources */,
			);
			buildRules = (
			);
			dependencies = (
			);
			name = Organizer;
			packageProductDependencies = (
				078952042864E6690007B20A /* FacebookCore */,
				078952062864E6690007B20A /* FacebookLogin */,
			);
			productName = midterm_ParthAntala;
			productReference = 078951EB2864DB830007B20A /* Organizer.app */;
			productType = "com.apple.product-type.application";
		};
/* End PBXNativeTarget section */

/* Begin PBXProject section */
		078951E32864DB830007B20A /* Project object */ = {
			isa = PBXProject;
			attributes = {
				BuildIndependentTargetsInParallel = 1;
				LastSwiftUpdateCheck = 1340;
				LastUpgradeCheck = 1340;
				TargetAttributes = {
					078951EA2864DB830007B20A = {
						CreatedOnToolsVersion = 13.4.1;
					};
				};
			};
			buildConfigurationList = 078951E62864DB830007B20A /* Build configuration list for PBXProject "Organizer" */;
			compatibilityVersion = "Xcode 13.0";
			developmentRegion = en;
			hasScannedForEncodings = 0;
			knownRegions = (
				en,
				Base,
			);
			mainGroup = 078951E22864DB830007B20A;
			packageReferences = (
				078952032864E6690007B20A /* XCRemoteSwiftPackageReference "facebook-ios-sdk" */,
			);
			productRefGroup = 078951EC2864DB830007B20A /* Products */;
			projectDirPath = "";
			projectRoot = "";
			targets = (
				078951EA2864DB830007B20A /* Organizer */,
			);
		};
/* End PBXProject section */

/* Begin PBXResourcesBuildPhase section */
		078951E92864DB830007B20A /* Resources */ = {
			isa = PBXResourcesBuildPhase;
			buildActionMask = 2147483647;
			files = (
				078951FB2864DB840007B20A /* LaunchScreen.storyboard in Resources */,
				078951F82864DB840007B20A /* Assets.xcassets in Resources */,
				078951F62864DB830007B20A /* Main.storyboard in Resources */,
			);
			runOnlyForDeploymentPostprocessing = 0;
		};
/* End PBXResourcesBuildPhase section */

/* Begin PBXSourcesBuildPhase section */
		078951E72864DB830007B20A /* Sources */ = {
			isa = PBXSourcesBuildPhase;
			buildActionMask = 2147483647;
			files = (
				078951F32864DB830007B20A /* ViewController.swift in Sources */,
				072F84202878D4B100658027 /* CalendarCell.swift in Sources */,
				079EE7C128654071008F8ABB /* FinanceViewController.swift in Sources */,
				079EE7CD286D04E8008F8ABB /* toDoCollectionViewCell.swift in Sources */,
				079EE7C528654237008F8ABB /* TabNavigationMenu.swift in Sources */,
				072F841C2878D42400658027 /* CalendarHalper.swift in Sources */,
				079EE7CB286CC08F008F8ABB /* CategoriesTableViewController.swift in Sources */,
				072F84262878D52F00658027 /* EventEditViewController.swift in Sources */,
				078951EF2864DB830007B20A /* AppDelegate.swift in Sources */,
				072F84182878BEDF00658027 /* transaction.swift in Sources */,
				079EE7C928663632008F8ABB /* AddTaskController.swift in Sources */,
				079EE7CF286D248A008F8ABB /* NewAmountViewController.swift in Sources */,
				072F84242878D51000658027 /* WeeklyViewController.swift in Sources */,
				079EE7C7286635B5008F8ABB /* TaskCell.swift in Sources */,
				072F84222878D4C300658027 /* Event.swift in Sources */,
				079EE7BD2865400F008F8ABB /* TabItem.swift in Sources */,
				072F841E2878D46E00658027 /* EventCell.swift in Sources */,
				079EE7BF28654065008F8ABB /* CalanderViewController.swift in Sources */,
				078951F12864DB830007B20A /* SceneDelegate.swift in Sources */,
				072F84132874A98300658027 /* FinanceTableViewCell.swift in Sources */,
				072F84162878BE9500658027 /* Tasks.swift in Sources */,
				079EE7BB28653BDA008F8ABB /* TabBarViewController.swift in Sources */,
				07790A1E2864F72000AC66DF /* HomeViewController.swift in Sources */,
				079EE7D1286D276C008F8ABB /* AmountCategoriesTableViewController.swift in Sources */,
			);
			runOnlyForDeploymentPostprocessing = 0;
		};
/* End PBXSourcesBuildPhase section */

/* Begin PBXVariantGroup section */
		078951F42864DB830007B20A /* Main.storyboard */ = {
			isa = PBXVariantGroup;
			children = (
				078951F52864DB830007B20A /* Base */,
			);
			name = Main.storyboard;
			sourceTree = "<group>";
		};
		078951F92864DB840007B20A /* LaunchScreen.storyboard */ = {
			isa = PBXVariantGroup;
			children = (
				078951FA2864DB840007B20A /* Base */,
			);
			name = LaunchScreen.storyboard;
			sourceTree = "<group>";
		};
/* End PBXVariantGroup section */

/* Begin XCBuildConfiguration section */
		078951FD2864DB840007B20A /* Debug */ = {
			isa = XCBuildConfiguration;
			buildSettings = {
				ALWAYS_SEARCH_USER_PATHS = NO;
				CLANG_ANALYZER_NONNULL = YES;
				CLANG_ANALYZER_NUMBER_OBJECT_CONVERSION = YES_AGGRESSIVE;
				CLANG_CXX_LANGUAGE_STANDARD = "gnu++17";
				CLANG_ENABLE_MODULES = YES;
				CLANG_ENABLE_OBJC_ARC = YES;
				CLANG_ENABLE_OBJC_WEAK = YES;
				CLANG_WARN_BLOCK_CAPTURE_AUTORELEASING = YES;
				CLANG_WARN_BOOL_CONVERSION = YES;
				CLANG_WARN_COMMA = YES;
				CLANG_WARN_CONSTANT_CONVERSION = YES;
				CLANG_WARN_DEPRECATED_OBJC_IMPLEMENTATIONS = YES;
				CLANG_WARN_DIRECT_OBJC_ISA_USAGE = YES_ERROR;
				CLANG_WARN_DOCUMENTATION_COMMENTS = YES;
				CLANG_WARN_EMPTY_BODY = YES;
				CLANG_WARN_ENUM_CONVERSION = YES;
				CLANG_WARN_INFINITE_RECURSION = YES;
				CLANG_WARN_INT_CONVERSION = YES;
				CLANG_WARN_NON_LITERAL_NULL_CONVERSION = YES;
				CLANG_WARN_OBJC_IMPLICIT_RETAIN_SELF = YES;
				CLANG_WARN_OBJC_LITERAL_CONVERSION = YES;
				CLANG_WARN_OBJC_ROOT_CLASS = YES_ERROR;
				CLANG_WARN_QUOTED_INCLUDE_IN_FRAMEWORK_HEADER = YES;
				CLANG_WARN_RANGE_LOOP_ANALYSIS = YES;
				CLANG_WARN_STRICT_PROTOTYPES = YES;
				CLANG_WARN_SUSPICIOUS_MOVE = YES;
				CLANG_WARN_UNGUARDED_AVAILABILITY = YES_AGGRESSIVE;
				CLANG_WARN_UNREACHABLE_CODE = YES;
				CLANG_WARN__DUPLICATE_METHOD_MATCH = YES;
				COPY_PHASE_STRIP = NO;
				DEBUG_INFORMATION_FORMAT = dwarf;
				ENABLE_STRICT_OBJC_MSGSEND = YES;
				ENABLE_TESTABILITY = YES;
				GCC_C_LANGUAGE_STANDARD = gnu11;
				GCC_DYNAMIC_NO_PIC = NO;
				GCC_NO_COMMON_BLOCKS = YES;
				GCC_OPTIMIZATION_LEVEL = 0;
				GCC_PREPROCESSOR_DEFINITIONS = (
					"DEBUG=1",
					"$(inherited)",
				);
				GCC_WARN_64_TO_32_BIT_CONVERSION = YES;
				GCC_WARN_ABOUT_RETURN_TYPE = YES_ERROR;
				GCC_WARN_UNDECLARED_SELECTOR = YES;
				GCC_WARN_UNINITIALIZED_AUTOS = YES_AGGRESSIVE;
				GCC_WARN_UNUSED_FUNCTION = YES;
				GCC_WARN_UNUSED_VARIABLE = YES;
				IPHONEOS_DEPLOYMENT_TARGET = 15.5;
				MTL_ENABLE_DEBUG_INFO = INCLUDE_SOURCE;
				MTL_FAST_MATH = YES;
				ONLY_ACTIVE_ARCH = YES;
				SDKROOT = iphoneos;
				SWIFT_ACTIVE_COMPILATION_CONDITIONS = DEBUG;
				SWIFT_OPTIMIZATION_LEVEL = "-Onone";
			};
			name = Debug;
		};
		078951FE2864DB840007B20A /* Release */ = {
			isa = XCBuildConfiguration;
			buildSettings = {
				ALWAYS_SEARCH_USER_PATHS = NO;
				CLANG_ANALYZER_NONNULL = YES;
				CLANG_ANALYZER_NUMBER_OBJECT_CONVERSION = YES_AGGRESSIVE;
				CLANG_CXX_LANGUAGE_STANDARD = "gnu++17";
				CLANG_ENABLE_MODULES = YES;
				CLANG_ENABLE_OBJC_ARC = YES;
				CLANG_ENABLE_OBJC_WEAK = YES;
				CLANG_WARN_BLOCK_CAPTURE_AUTORELEASING = YES;
				CLANG_WARN_BOOL_CONVERSION = YES;
				CLANG_WARN_COMMA = YES;
				CLANG_WARN_CONSTANT_CONVERSION = YES;
				CLANG_WARN_DEPRECATED_OBJC_IMPLEMENTATIONS = YES;
				CLANG_WARN_DIRECT_OBJC_ISA_USAGE = YES_ERROR;
				CLANG_WARN_DOCUMENTATION_COMMENTS = YES;
				CLANG_WARN_EMPTY_BODY = YES;
				CLANG_WARN_ENUM_CONVERSION = YES;
				CLANG_WARN_INFINITE_RECURSION = YES;
				CLANG_WARN_INT_CONVERSION = YES;
				CLANG_WARN_NON_LITERAL_NULL_CONVERSION = YES;
				CLANG_WARN_OBJC_IMPLICIT_RETAIN_SELF = YES;
				CLANG_WARN_OBJC_LITERAL_CONVERSION = YES;
				CLANG_WARN_OBJC_ROOT_CLASS = YES_ERROR;
				CLANG_WARN_QUOTED_INCLUDE_IN_FRAMEWORK_HEADER = YES;
				CLANG_WARN_RANGE_LOOP_ANALYSIS = YES;
				CLANG_WARN_STRICT_PROTOTYPES = YES;
				CLANG_WARN_SUSPICIOUS_MOVE = YES;
				CLANG_WARN_UNGUARDED_AVAILABILITY = YES_AGGRESSIVE;
				CLANG_WARN_UNREACHABLE_CODE = YES;
				CLANG_WARN__DUPLICATE_METHOD_MATCH = YES;
				COPY_PHASE_STRIP = NO;
				DEBUG_INFORMATION_FORMAT = "dwarf-with-dsym";
				ENABLE_NS_ASSERTIONS = NO;
				ENABLE_STRICT_OBJC_MSGSEND = YES;
				GCC_C_LANGUAGE_STANDARD = gnu11;
				GCC_NO_COMMON_BLOCKS = YES;
				GCC_WARN_64_TO_32_BIT_CONVERSION = YES;
				GCC_WARN_ABOUT_RETURN_TYPE = YES_ERROR;
				GCC_WARN_UNDECLARED_SELECTOR = YES;
				GCC_WARN_UNINITIALIZED_AUTOS = YES_AGGRESSIVE;
				GCC_WARN_UNUSED_FUNCTION = YES;
				GCC_WARN_UNUSED_VARIABLE = YES;
				IPHONEOS_DEPLOYMENT_TARGET = 15.5;
				MTL_ENABLE_DEBUG_INFO = NO;
				MTL_FAST_MATH = YES;
				SDKROOT = iphoneos;
				SWIFT_COMPILATION_MODE = wholemodule;
				SWIFT_OPTIMIZATION_LEVEL = "-O";
				VALIDATE_PRODUCT = YES;
			};
			name = Release;
		};
		078952002864DB840007B20A /* Debug */ = {
			isa = XCBuildConfiguration;
			buildSettings = {
				ASSETCATALOG_COMPILER_APPICON_NAME = AppIcon;
				ASSETCATALOG_COMPILER_GLOBAL_ACCENT_COLOR_NAME = AccentColor;
				CODE_SIGN_ENTITLEMENTS = midterm_ParthAntala/midterm_ParthAntala.entitlements;
				CODE_SIGN_STYLE = Automatic;
				CURRENT_PROJECT_VERSION = 1;
				DEVELOPMENT_TEAM = P5K444356C;
				GENERATE_INFOPLIST_FILE = YES;
				INFOPLIST_FILE = midterm_ParthAntala/Info.plist;
				INFOPLIST_KEY_CFBundleDisplayName = Organizer;
				INFOPLIST_KEY_UIApplicationSupportsIndirectInputEvents = YES;
				INFOPLIST_KEY_UILaunchStoryboardName = LaunchScreen;
				INFOPLIST_KEY_UIMainStoryboardFile = Main;
				INFOPLIST_KEY_UISupportedInterfaceOrientations_iPad = "UIInterfaceOrientationPortrait UIInterfaceOrientationPortraitUpsideDown UIInterfaceOrientationLandscapeLeft UIInterfaceOrientationLandscapeRight";
				INFOPLIST_KEY_UISupportedInterfaceOrientations_iPhone = "UIInterfaceOrientationPortrait UIInterfaceOrientationLandscapeLeft UIInterfaceOrientationLandscapeRight";
				LD_RUNPATH_SEARCH_PATHS = (
					"$(inherited)",
					"@executable_path/Frameworks",
				);
				MARKETING_VERSION = 1.0;
				PRODUCT_BUNDLE_IDENTIFIER = "com.humber.midterm-ParthAntala";
				PRODUCT_NAME = "$(TARGET_NAME)";
				SWIFT_EMIT_LOC_STRINGS = YES;
				SWIFT_VERSION = 5.0;
				TARGETED_DEVICE_FAMILY = "1,2";
			};
			name = Debug;
		};
		078952012864DB840007B20A /* Release */ = {
			isa = XCBuildConfiguration;
			buildSettings = {
				ASSETCATALOG_COMPILER_APPICON_NAME = AppIcon;
				ASSETCATALOG_COMPILER_GLOBAL_ACCENT_COLOR_NAME = AccentColor;
				CODE_SIGN_ENTITLEMENTS = midterm_ParthAntala/midterm_ParthAntala.entitlements;
				CODE_SIGN_STYLE = Automatic;
				CURRENT_PROJECT_VERSION = 1;
				DEVELOPMENT_TEAM = P5K444356C;
				GENERATE_INFOPLIST_FILE = YES;
				INFOPLIST_FILE = midterm_ParthAntala/Info.plist;
				INFOPLIST_KEY_CFBundleDisplayName = Organizer;
				INFOPLIST_KEY_UIApplicationSupportsIndirectInputEvents = YES;
				INFOPLIST_KEY_UILaunchStoryboardName = LaunchScreen;
				INFOPLIST_KEY_UIMainStoryboardFile = Main;
				INFOPLIST_KEY_UISupportedInterfaceOrientations_iPad = "UIInterfaceOrientationPortrait UIInterfaceOrientationPortraitUpsideDown UIInterfaceOrientationLandscapeLeft UIInterfaceOrientationLandscapeRight";
				INFOPLIST_KEY_UISupportedInterfaceOrientations_iPhone = "UIInterfaceOrientationPortrait UIInterfaceOrientationLandscapeLeft UIInterfaceOrientationLandscapeRight";
				LD_RUNPATH_SEARCH_PATHS = (
					"$(inherited)",
					"@executable_path/Frameworks",
				);
				MARKETING_VERSION = 1.0;
				PRODUCT_BUNDLE_IDENTIFIER = "com.humber.midterm-ParthAntala";
				PRODUCT_NAME = "$(TARGET_NAME)";
				SWIFT_EMIT_LOC_STRINGS = YES;
				SWIFT_VERSION = 5.0;
				TARGETED_DEVICE_FAMILY = "1,2";
			};
			name = Release;
		};
/* End XCBuildConfiguration section */

/* Begin XCConfigurationList section */
		078951E62864DB830007B20A /* Build configuration list for PBXProject "Organizer" */ = {
			isa = XCConfigurationList;
			buildConfigurations = (
				078951FD2864DB840007B20A /* Debug */,
				078951FE2864DB840007B20A /* Release */,
			);
			defaultConfigurationIsVisible = 0;
			defaultConfigurationName = Release;
		};
		078951FF2864DB840007B20A /* Build configuration list for PBXNativeTarget "Organizer" */ = {
			isa = XCConfigurationList;
			buildConfigurations = (
				078952002864DB840007B20A /* Debug */,
				078952012864DB840007B20A /* Release */,
			);
			defaultConfigurationIsVisible = 0;
			defaultConfigurationName = Release;
		};
/* End XCConfigurationList section */

/* Begin XCRemoteSwiftPackageReference section */
		078952032864E6690007B20A /* XCRemoteSwiftPackageReference "facebook-ios-sdk" */ = {
			isa = XCRemoteSwiftPackageReference;
			repositoryURL = "https://github.com/facebook/facebook-ios-sdk";
			requirement = {
				branch = main;
				kind = branch;
			};
		};
/* End XCRemoteSwiftPackageReference section */

/* Begin XCSwiftPackageProductDependency section */
		078952042864E6690007B20A /* FacebookCore */ = {
			isa = XCSwiftPackageProductDependency;
			package = 078952032864E6690007B20A /* XCRemoteSwiftPackageReference "facebook-ios-sdk" */;
			productName = FacebookCore;
		};
		078952062864E6690007B20A /* FacebookLogin */ = {
			isa = XCSwiftPackageProductDependency;
			package = 078952032864E6690007B20A /* XCRemoteSwiftPackageReference "facebook-ios-sdk" */;
			productName = FacebookLogin;
		};
/* End XCSwiftPackageProductDependency section */
	};
	rootObject = 078951E32864DB830007B20A /* Project object */;
}
